// !$*UTF8*$!
{
	archiveVersion = 1;
	classes = {
	};
	objectVersion = 56;
	objects = {

/* Begin PBXBuildFile section */
		3EEDA3DE29F865A400F656AA /* AppDelegate.swift in Sources */ = {isa = PBXBuildFile; fileRef = 3EEDA3DD29F865A400F656AA /* AppDelegate.swift */; };
		3EEDA3E029F865A400F656AA /* SceneDelegate.swift in Sources */ = {isa = PBXBuildFile; fileRef = 3EEDA3DF29F865A400F656AA /* SceneDelegate.swift */; };
		3EEDA3E229F865A400F656AA /* ViewController.swift in Sources */ = {isa = PBXBuildFile; fileRef = 3EEDA3E129F865A400F656AA /* ViewController.swift */; };
		3EEDA3E529F865A400F656AA /* Main.storyboard in Resources */ = {isa = PBXBuildFile; fileRef = 3EEDA3E329F865A400F656AA /* Main.storyboard */; };
		3EEDA3E729F865A600F656AA /* Assets.xcassets in Resources */ = {isa = PBXBuildFile; fileRef = 3EEDA3E629F865A600F656AA /* Assets.xcassets */; };
		3EEDA3EA29F865A600F656AA /* LaunchScreen.storyboard in Resources */ = {isa = PBXBuildFile; fileRef = 3EEDA3E829F865A600F656AA /* LaunchScreen.storyboard */; };
		3EEDA3F229F86C2300F656AA /* Automovil.swift in Sources */ = {isa = PBXBuildFile; fileRef = 3EEDA3F129F86C2300F656AA /* Automovil.swift */; };
		3EEDA3F429F86D1300F656AA /* ViewControllerInfoAuto.swift in Sources */ = {isa = PBXBuildFile; fileRef = 3EEDA3F329F86D1300F656AA /* ViewControllerInfoAuto.swift */; };
		3EEDA3F629F8934100F656AA /* AutumovilElectrico.swift in Sources */ = {isa = PBXBuildFile; fileRef = 3EEDA3F529F8934100F656AA /* AutumovilElectrico.swift */; };
/* End PBXBuildFile section */

/* Begin PBXFileReference section */
		3EEDA3DA29F865A400F656AA /* fabricaAuto.app */ = {isa = PBXFileReference; explicitFileType = wrapper.application; includeInIndex = 0; path = fabricaAuto.app; sourceTree = BUILT_PRODUCTS_DIR; };
		3EEDA3DD29F865A400F656AA /* AppDelegate.swift */ = {isa = PBXFileReference; lastKnownFileType = sourcecode.swift; path = AppDelegate.swift; sourceTree = "<group>"; };
		3EEDA3DF29F865A400F656AA /* SceneDelegate.swift */ = {isa = PBXFileReference; lastKnownFileType = sourcecode.swift; path = SceneDelegate.swift; sourceTree = "<group>"; };
		3EEDA3E129F865A400F656AA /* ViewController.swift */ = {isa = PBXFileReference; lastKnownFileType = sourcecode.swift; path = ViewController.swift; sourceTree = "<group>"; };
		3EEDA3E429F865A400F656AA /* Base */ = {isa = PBXFileReference; lastKnownFileType = file.storyboard; name = Base; path = Base.lproj/Main.storyboard; sourceTree = "<group>"; };
		3EEDA3E629F865A600F656AA /* Assets.xcassets */ = {isa = PBXFileReference; lastKnownFileType = folder.assetcatalog; path = Assets.xcassets; sourceTree = "<group>"; };
		3EEDA3E929F865A600F656AA /* Base */ = {isa = PBXFileReference; lastKnownFileType = file.storyboard; name = Base; path = Base.lproj/LaunchScreen.storyboard; sourceTree = "<group>"; };
		3EEDA3EB29F865A600F656AA /* Info.plist */ = {isa = PBXFileReference; lastKnownFileType = text.plist.xml; path = Info.plist; sourceTree = "<group>"; };
		3EEDA3F129F86C2300F656AA /* Automovil.swift */ = {isa = PBXFileReference; lastKnownFileType = sourcecode.swift; path = Automovil.swift; sourceTree = "<group>"; };
		3EEDA3F329F86D1300F656AA /* ViewControllerInfoAuto.swift */ = {isa = PBXFileReference; lastKnownFileType = sourcecode.swift; path = ViewControllerInfoAuto.swift; sourceTree = "<group>"; };
		3EEDA3F529F8934100F656AA /* AutumovilElectrico.swift */ = {isa = PBXFileReference; lastKnownFileType = sourcecode.swift; path = AutumovilElectrico.swift; sourceTree = "<group>"; };
/* End PBXFileReference section */

/* Begin PBXFrameworksBuildPhase section */
		3EEDA3D729F865A400F656AA /* Frameworks */ = {
			isa = PBXFrameworksBuildPhase;
			buildActionMask = 2147483647;
			files = (
			);
			runOnlyForDeploymentPostprocessing = 0;
		};
/* End PBXFrameworksBuildPhase section */

/* Begin PBXGroup section */
		3EEDA3D129F865A400F656AA = {
			isa = PBXGroup;
			children = (
				3EEDA3DC29F865A400F656AA /* fabricaAuto */,
				3EEDA3DB29F865A400F656AA /* Products */,
			);
			sourceTree = "<group>";
		};
		3EEDA3DB29F865A400F656AA /* Products */ = {
			isa = PBXGroup;
			children = (
				3EEDA3DA29F865A400F656AA /* fabricaAuto.app */,
			);
			name = Products;
			sourceTree = "<group>";
		};
		3EEDA3DC29F865A400F656AA /* fabricaAuto */ = {
			isa = PBXGroup;
			children = (
				3EEDA3DD29F865A400F656AA /* AppDelegate.swift */,
				3EEDA3DF29F865A400F656AA /* SceneDelegate.swift */,
				3EEDA3E129F865A400F656AA /* ViewController.swift */,
				3EEDA3F329F86D1300F656AA /* ViewControllerInfoAuto.swift */,
				3EEDA3F129F86C2300F656AA /* Automovil.swift */,
				3EEDA3F529F8934100F656AA /* AutumovilElectrico.swift */,
				3EEDA3E329F865A400F656AA /* Main.storyboard */,
				3EEDA3E629F865A600F656AA /* Assets.xcassets */,
				3EEDA3E829F865A600F656AA /* LaunchScreen.storyboard */,
				3EEDA3EB29F865A600F656AA /* Info.plist */,
			);
			path = fabricaAuto;
			sourceTree = "<group>";
		};
/* End PBXGroup section */

/* Begin PBXNativeTarget section */
		3EEDA3D929F865A400F656AA /* fabricaAuto */ = {
			isa = PBXNativeTarget;
			buildConfigurationList = 3EEDA3EE29F865A600F656AA /* Build configuration list for PBXNativeTarget "fabricaAuto" */;
			buildPhases = (
				3EEDA3D629F865A400F656AA /* Sources */,
				3EEDA3D729F865A400F656AA /* Frameworks */,
				3EEDA3D829F865A400F656AA /* Resources */,
			);
			buildRules = (
			);
			dependencies = (
			);
			name = fabricaAuto;
			productName = fabricaAuto;
			productReference = 3EEDA3DA29F865A400F656AA /* fabricaAuto.app */;
			productType = "com.apple.product-type.application";
		};
/* End PBXNativeTarget section */

/* Begin PBXProject section */
		3EEDA3D229F865A400F656AA /* Project object */ = {
			isa = PBXProject;
			attributes = {
				BuildIndependentTargetsInParallel = 1;
				LastSwiftUpdateCheck = 1430;
				LastUpgradeCheck = 1430;
				TargetAttributes = {
					3EEDA3D929F865A400F656AA = {
						CreatedOnToolsVersion = 14.3;
					};
				};
			};
			buildConfigurationList = 3EEDA3D529F865A400F656AA /* Build configuration list for PBXProject "fabricaAuto" */;
			compatibilityVersion = "Xcode 14.0";
			developmentRegion = en;
			hasScannedForEncodings = 0;
			knownRegions = (
				en,
				Base,
			);
			mainGroup = 3EEDA3D129F865A400F656AA;
			productRefGroup = 3EEDA3DB29F865A400F656AA /* Products */;
			projectDirPath = "";
			projectRoot = "";
			targets = (
				3EEDA3D929F865A400F656AA /* fabricaAuto */,
			);
		};
/* End PBXProject section */

/* Begin PBXResourcesBuildPhase section */
		3EEDA3D829F865A400F656AA /* Resources */ = {
			isa = PBXResourcesBuildPhase;
			buildActionMask = 2147483647;
			files = (
				3EEDA3EA29F865A600F656AA /* LaunchScreen.storyboard in Resources */,
				3EEDA3E729F865A600F656AA /* Assets.xcassets in Resources */,
				3EEDA3E529F865A400F656AA /* Main.storyboard in Resources */,
			);
			runOnlyForDeploymentPostprocessing = 0;
		};
/* End PBXResourcesBuildPhase section */

/* Begin PBXSourcesBuildPhase section */
		3EEDA3D629F865A400F656AA /* Sources */ = {
			isa = PBXSourcesBuildPhase;
			buildActionMask = 2147483647;
			files = (
				3EEDA3E229F865A400F656AA /* ViewController.swift in Sources */,
				3EEDA3F629F8934100F656AA /* AutumovilElectrico.swift in Sources */,
				3EEDA3DE29F865A400F656AA /* AppDelegate.swift in Sources */,
				3EEDA3F229F86C2300F656AA /* Automovil.swift in Sources */,
				3EEDA3E029F865A400F656AA /* SceneDelegate.swift in Sources */,
				3EEDA3F429F86D1300F656AA /* ViewControllerInfoAuto.swift in Sources */,
			);
			runOnlyForDeploymentPostprocessing = 0;
		};
/* End PBXSourcesBuildPhase section */

/* Begin PBXVariantGroup section */
		3EEDA3E329F865A400F656AA /* Main.storyboard */ = {
			isa = PBXVariantGroup;
			children = (
				3EEDA3E429F865A400F656AA /* Base */,
			);
			name = Main.storyboard;
			sourceTree = "<group>";
		};
		3EEDA3E829F865A600F656AA /* LaunchScreen.storyboard */ = {
			isa = PBXVariantGroup;
			children = (
				3EEDA3E929F865A600F656AA /* Base */,
			);
			name = LaunchScreen.storyboard;
			sourceTree = "<group>";
		};
/* End PBXVariantGroup section */

/* Begin XCBuildConfiguration section */
		3EEDA3EC29F865A600F656AA /* Debug */ = {
			isa = XCBuildConfiguration;
			buildSettings = {
				ALWAYS_SEARCH_USER_PATHS = NO;
				CLANG_ANALYZER_NONNULL = YES;
				CLANG_ANALYZER_NUMBER_OBJECT_CONVERSION = YES_AGGRESSIVE;
				CLANG_CXX_LANGUAGE_STANDARD = "gnu++20";
				CLANG_ENABLE_MODULES = YES;
				CLANG_ENABLE_OBJC_ARC = YES;
				CLANG_ENABLE_OBJC_WEAK = YES;
				CLANG_WARN_BLOCK_CAPTURE_AUTORELEASING = YES;
				CLANG_WARN_BOOL_CONVERSION = YES;
				CLANG_WARN_COMMA = YES;
				CLANG_WARN_CONSTANT_CONVERSION = YES;
				CLANG_WARN_DEPRECATED_OBJC_IMPLEMENTATIONS = YES;
				CLANG_WARN_DIRECT_OBJC_ISA_USAGE = YES_ERROR;
				CLANG_WARN_DOCUMENTATION_COMMENTS = YES;
				CLANG_WARN_EMPTY_BODY = YES;
				CLANG_WARN_ENUM_CONVERSION = YES;
				CLANG_WARN_INFINITE_RECURSION = YES;
				CLANG_WARN_INT_CONVERSION = YES;
				CLANG_WARN_NON_LITERAL_NULL_CONVERSION = YES;
				CLANG_WARN_OBJC_IMPLICIT_RETAIN_SELF = YES;
				CLANG_WARN_OBJC_LITERAL_CONVERSION = YES;
				CLANG_WARN_OBJC_ROOT_CLASS = YES_ERROR;
				CLANG_WARN_QUOTED_INCLUDE_IN_FRAMEWORK_HEADER = YES;
				CLANG_WARN_RANGE_LOOP_ANALYSIS = YES;
				CLANG_WARN_STRICT_PROTOTYPES = YES;
				CLANG_WARN_SUSPICIOUS_MOVE = YES;
				CLANG_WARN_UNGUARDED_AVAILABILITY = YES_AGGRESSIVE;
				CLANG_WARN_UNREACHABLE_CODE = YES;
				CLANG_WARN__DUPLICATE_METHOD_MATCH = YES;
				COPY_PHASE_STRIP = NO;
				DEBUG_INFORMATION_FORMAT = dwarf;
				ENABLE_STRICT_OBJC_MSGSEND = YES;
				ENABLE_TESTABILITY = YES;
				GCC_C_LANGUAGE_STANDARD = gnu11;
				GCC_DYNAMIC_NO_PIC = NO;
				GCC_NO_COMMON_BLOCKS = YES;
				GCC_OPTIMIZATION_LEVEL = 0;
				GCC_PREPROCESSOR_DEFINITIONS = (
					"DEBUG=1",
					"$(inherited)",
				);
				GCC_WARN_64_TO_32_BIT_CONVERSION = YES;
				GCC_WARN_ABOUT_RETURN_TYPE = YES_ERROR;
				GCC_WARN_UNDECLARED_SELECTOR = YES;
				GCC_WARN_UNINITIALIZED_AUTOS = YES_AGGRESSIVE;
				GCC_WARN_UNUSED_FUNCTION = YES;
				GCC_WARN_UNUSED_VARIABLE = YES;
				IPHONEOS_DEPLOYMENT_TARGET = 16.4;
				MTL_ENABLE_DEBUG_INFO = INCLUDE_SOURCE;
				MTL_FAST_MATH = YES;
				ONLY_ACTIVE_ARCH = YES;
				SDKROOT = iphoneos;
				SWIFT_ACTIVE_COMPILATION_CONDITIONS = DEBUG;
				SWIFT_OPTIMIZATION_LEVEL = "-Onone";
			};
			name = Debug;
		};
		3EEDA3ED29F865A600F656AA /* Release */ = {
			isa = XCBuildConfiguration;
			buildSettings = {
				ALWAYS_SEARCH_USER_PATHS = NO;
				CLANG_ANALYZER_NONNULL = YES;
				CLANG_ANALYZER_NUMBER_OBJECT_CONVERSION = YES_AGGRESSIVE;
				CLANG_CXX_LANGUAGE_STANDARD = "gnu++20";
				CLANG_ENABLE_MODULES = YES;
				CLANG_ENABLE_OBJC_ARC = YES;
				CLANG_ENABLE_OBJC_WEAK = YES;
				CLANG_WARN_BLOCK_CAPTURE_AUTORELEASING = YES;
				CLANG_WARN_BOOL_CONVERSION = YES;
				CLANG_WARN_COMMA = YES;
				CLANG_WARN_CONSTANT_CONVERSION = YES;
				CLANG_WARN_DEPRECATED_OBJC_IMPLEMENTATIONS = YES;
				CLANG_WARN_DIRECT_OBJC_ISA_USAGE = YES_ERROR;
				CLANG_WARN_DOCUMENTATION_COMMENTS = YES;
				CLANG_WARN_EMPTY_BODY = YES;
				CLANG_WARN_ENUM_CONVERSION = YES;
				CLANG_WARN_INFINITE_RECURSION = YES;
				CLANG_WARN_INT_CONVERSION = YES;
				CLANG_WARN_NON_LITERAL_NULL_CONVERSION = YES;
				CLANG_WARN_OBJC_IMPLICIT_RETAIN_SELF = YES;
				CLANG_WARN_OBJC_LITERAL_CONVERSION = YES;
				CLANG_WARN_OBJC_ROOT_CLASS = YES_ERROR;
				CLANG_WARN_QUOTED_INCLUDE_IN_FRAMEWORK_HEADER = YES;
				CLANG_WARN_RANGE_LOOP_ANALYSIS = YES;
				CLANG_WARN_STRICT_PROTOTYPES = YES;
				CLANG_WARN_SUSPICIOUS_MOVE = YES;
				CLANG_WARN_UNGUARDED_AVAILABILITY = YES_AGGRESSIVE;
				CLANG_WARN_UNREACHABLE_CODE = YES;
				CLANG_WARN__DUPLICATE_METHOD_MATCH = YES;
				COPY_PHASE_STRIP = NO;
				DEBUG_INFORMATION_FORMAT = "dwarf-with-dsym";
				ENABLE_NS_ASSERTIONS = NO;
				ENABLE_STRICT_OBJC_MSGSEND = YES;
				GCC_C_LANGUAGE_STANDARD = gnu11;
				GCC_NO_COMMON_BLOCKS = YES;
				GCC_WARN_64_TO_32_BIT_CONVERSION = YES;
				GCC_WARN_ABOUT_RETURN_TYPE = YES_ERROR;
				GCC_WARN_UNDECLARED_SELECTOR = YES;
				GCC_WARN_UNINITIALIZED_AUTOS = YES_AGGRESSIVE;
				GCC_WARN_UNUSED_FUNCTION = YES;
				GCC_WARN_UNUSED_VARIABLE = YES;
				IPHONEOS_DEPLOYMENT_TARGET = 16.4;
				MTL_ENABLE_DEBUG_INFO = NO;
				MTL_FAST_MATH = YES;
				SDKROOT = iphoneos;
				SWIFT_COMPILATION_MODE = wholemodule;
				SWIFT_OPTIMIZATION_LEVEL = "-O";
				VALIDATE_PRODUCT = YES;
			};
			name = Release;
		};
		3EEDA3EF29F865A600F656AA /* Debug */ = {
			isa = XCBuildConfiguration;
			buildSettings = {
				ASSETCATALOG_COMPILER_APPICON_NAME = AppIcon;
				ASSETCATALOG_COMPILER_GLOBAL_ACCENT_COLOR_NAME = AccentColor;
				CODE_SIGN_STYLE = Automatic;
				CURRENT_PROJECT_VERSION = 1;
				DEVELOPMENT_TEAM = S8CV2RC8V7;
				GENERATE_INFOPLIST_FILE = YES;
				INFOPLIST_FILE = fabricaAuto/Info.plist;
				INFOPLIST_KEY_UIApplicationSupportsIndirectInputEvents = YES;
				INFOPLIST_KEY_UILaunchStoryboardName = LaunchScreen;
				INFOPLIST_KEY_UIMainStoryboardFile = Main;
				INFOPLIST_KEY_UISupportedInterfaceOrientations_iPad = "UIInterfaceOrientationPortrait UIInterfaceOrientationPortraitUpsideDown UIInterfaceOrientationLandscapeLeft UIInterfaceOrientationLandscapeRight";
				INFOPLIST_KEY_UISupportedInterfaceOrientations_iPhone = "UIInterfaceOrientationPortrait UIInterfaceOrientationLandscapeLeft UIInterfaceOrientationLandscapeRight";
				LD_RUNPATH_SEARCH_PATHS = (
					"$(inherited)",
					"@executable_path/Frameworks",
				);
				MARKETING_VERSION = 1.0;
				PRODUCT_BUNDLE_IDENTIFIER = com.manriquez.fabricaAuto;
				PRODUCT_NAME = "$(TARGET_NAME)";
				SWIFT_EMIT_LOC_STRINGS = YES;
				SWIFT_VERSION = 5.0;
				TARGETED_DEVICE_FAMILY = "1,2";
			};
			name = Debug;
		};
		3EEDA3F029F865A600F656AA /* Release */ = {
			isa = XCBuildConfiguration;
			buildSettings = {
				ASSETCATALOG_COMPILER_APPICON_NAME = AppIcon;
				ASSETCATALOG_COMPILER_GLOBAL_ACCENT_COLOR_NAME = AccentColor;
				CODE_SIGN_STYLE = Automatic;
				CURRENT_PROJECT_VERSION = 1;
				DEVELOPMENT_TEAM = S8CV2RC8V7;
				GENERATE_INFOPLIST_FILE = YES;
				INFOPLIST_FILE = fabricaAuto/Info.plist;
				INFOPLIST_KEY_UIApplicationSupportsIndirectInputEvents = YES;
				INFOPLIST_KEY_UILaunchStoryboardName = LaunchScreen;
				INFOPLIST_KEY_UIMainStoryboardFile = Main;
				INFOPLIST_KEY_UISupportedInterfaceOrientations_iPad = "UIInterfaceOrientationPortrait UIInterfaceOrientationPortraitUpsideDown UIInterfaceOrientationLandscapeLeft UIInterfaceOrientationLandscapeRight";
				INFOPLIST_KEY_UISupportedInterfaceOrientations_iPhone = "UIInterfaceOrientationPortrait UIInterfaceOrientationLandscapeLeft UIInterfaceOrientationLandscapeRight";
				LD_RUNPATH_SEARCH_PATHS = (
					"$(inherited)",
					"@executable_path/Frameworks",
				);
				MARKETING_VERSION = 1.0;
				PRODUCT_BUNDLE_IDENTIFIER = com.manriquez.fabricaAuto;
				PRODUCT_NAME = "$(TARGET_NAME)";
				SWIFT_EMIT_LOC_STRINGS = YES;
				SWIFT_VERSION = 5.0;
				TARGETED_DEVICE_FAMILY = "1,2";
			};
			name = Release;
		};
/* End XCBuildConfiguration section */

/* Begin XCConfigurationList section */
		3EEDA3D529F865A400F656AA /* Build configuration list for PBXProject "fabricaAuto" */ = {
			isa = XCConfigurationList;
			buildConfigurations = (
				3EEDA3EC29F865A600F656AA /* Debug */,
				3EEDA3ED29F865A600F656AA /* Release */,
			);
			defaultConfigurationIsVisible = 0;
			defaultConfigurationName = Release;
		};
		3EEDA3EE29F865A600F656AA /* Build configuration list for PBXNativeTarget "fabricaAuto" */ = {
			isa = XCConfigurationList;
			buildConfigurations = (
				3EEDA3EF29F865A600F656AA /* Debug */,
				3EEDA3F029F865A600F656AA /* Release */,
			);
			defaultConfigurationIsVisible = 0;
			defaultConfigurationName = Release;
		};
/* End XCConfigurationList section */
	};
	rootObject = 3EEDA3D229F865A400F656AA /* Project object */;
}
